
Microsoft Visual Studio Solution File, Format Version 12.00
# Visual Studio Version 17
VisualStudioVersion = 17.7.34031.279
MinimumVisualStudioVersion = 10.0.40219.1
Project("{FAE04EC0-301F-11D3-BF4B-00C04F79EFBC}") = "KampIntro", "KampIntro\KampIntro.csproj", "{FDB98777-90E2-4EBE-AAB7-CEA56E8B0942}"
EndProject
Project("{FAE04EC0-301F-11D3-BF4B-00C04F79EFBC}") = "Donguler", "Donguler\Donguler.csproj", "{C6759AAD-B279-45AE-BA4B-6A6A101702C1}"
EndProject
Project("{FAE04EC0-301F-11D3-BF4B-00C04F79EFBC}") = "ClassIntro", "ClassIntro\ClassIntro.csproj", "{9FC61A38-1F75-4A8D-86D1-89C6012ABD37}"
EndProject
Project("{FAE04EC0-301F-11D3-BF4B-00C04F79EFBC}") = "Metotlar", "Metotlar\Metotlar.csproj", "{201BB34D-70F6-4D47-879D-A7B5B0E8FEF0}"
EndProject
Project("{FAE04EC0-301F-11D3-BF4B-00C04F79EFBC}") = "Matematik", "Matematik\Matematik.csproj", "{A066EF48-DE8E-4C7B-96BF-EEE2B67C5267}"
EndProject
Project("{FAE04EC0-301F-11D3-BF4B-00C04F79EFBC}") = "DegerVeReferansTipler", "DegerVeReferansTipler\DegerVeReferansTipler.csproj", "{CAA5B916-1962-4CC7-A554-BAF0E184749A}"
EndProject
Project("{FAE04EC0-301F-11D3-BF4B-00C04F79EFBC}") = "OOP1", "OOP1\OOP1.csproj", "{2D8ADEC1-615D-4646-8CFE-B95F09C8C351}"
EndProject
Project("{FAE04EC0-301F-11D3-BF4B-00C04F79EFBC}") = "Koleksiyonlar", "Koleksiyonlar\Koleksiyonlar.csproj", "{E987210C-DD41-439D-A731-E73D71031B99}"
EndProject
Project("{FAE04EC0-301F-11D3-BF4B-00C04F79EFBC}") = "GenericsIntro", "GenericsIntro\GenericsIntro.csproj", "{C9C5B7BF-9582-48DA-9CA8-8E9F8239AFF6}"
EndProject
Project("{FAE04EC0-301F-11D3-BF4B-00C04F79EFBC}") = "OOP2", "OOP2\OOP2.csproj", "{2A5AB954-22ED-4E24-BF91-53C567C80B81}"
EndProject
Project("{FAE04EC0-301F-11D3-BF4B-00C04F79EFBC}") = "OOP3", "OOP3\OOP3.csproj", "{9FBD4706-017F-473E-B40B-8002A9E4193D}"
EndProject
Global
	GlobalSection(SolutionConfigurationPlatforms) = preSolution
		Debug|Any CPU = Debug|Any CPU
		Release|Any CPU = Release|Any CPU
	EndGlobalSection
	GlobalSection(ProjectConfigurationPlatforms) = postSolution
		{FDB98777-90E2-4EBE-AAB7-CEA56E8B0942}.Debug|Any CPU.ActiveCfg = Debug|Any CPU
		{FDB98777-90E2-4EBE-AAB7-CEA56E8B0942}.Debug|Any CPU.Build.0 = Debug|Any CPU
		{FDB98777-90E2-4EBE-AAB7-CEA56E8B0942}.Release|Any CPU.ActiveCfg = Release|Any CPU
		{FDB98777-90E2-4EBE-AAB7-CEA56E8B0942}.Release|Any CPU.Build.0 = Release|Any CPU
		{C6759AAD-B279-45AE-BA4B-6A6A101702C1}.Debug|Any CPU.ActiveCfg = Debug|Any CPU
		{C6759AAD-B279-45AE-BA4B-6A6A101702C1}.Debug|Any CPU.Build.0 = Debug|Any CPU
		{C6759AAD-B279-45AE-BA4B-6A6A101702C1}.Release|Any CPU.ActiveCfg = Release|Any CPU
		{C6759AAD-B279-45AE-BA4B-6A6A101702C1}.Release|Any CPU.Build.0 = Release|Any CPU
		{9FC61A38-1F75-4A8D-86D1-89C6012ABD37}.Debug|Any CPU.ActiveCfg = Debug|Any CPU
		{9FC61A38-1F75-4A8D-86D1-89C6012ABD37}.Debug|Any CPU.Build.0 = Debug|Any CPU
		{9FC61A38-1F75-4A8D-86D1-89C6012ABD37}.Release|Any CPU.ActiveCfg = Release|Any CPU
		{9FC61A38-1F75-4A8D-86D1-89C6012ABD37}.Release|Any CPU.Build.0 = Release|Any CPU
		{201BB34D-70F6-4D47-879D-A7B5B0E8FEF0}.Debug|Any CPU.ActiveCfg = Debug|Any CPU
		{201BB34D-70F6-4D47-879D-A7B5B0E8FEF0}.Debug|Any CPU.Build.0 = Debug|Any CPU
		{201BB34D-70F6-4D47-879D-A7B5B0E8FEF0}.Release|Any CPU.ActiveCfg = Release|Any CPU
		{201BB34D-70F6-4D47-879D-A7B5B0E8FEF0}.Release|Any CPU.Build.0 = Release|Any CPU
		{A066EF48-DE8E-4C7B-96BF-EEE2B67C5267}.Debug|Any CPU.ActiveCfg = Debug|Any CPU
		{A066EF48-DE8E-4C7B-96BF-EEE2B67C5267}.Debug|Any CPU.Build.0 = Debug|Any CPU
		{A066EF48-DE8E-4C7B-96BF-EEE2B67C5267}.Release|Any CPU.ActiveCfg = Release|Any CPU
		{A066EF48-DE8E-4C7B-96BF-EEE2B67C5267}.Release|Any CPU.Build.0 = Release|Any CPU
		{CAA5B916-1962-4CC7-A554-BAF0E184749A}.Debug|Any CPU.ActiveCfg = Debug|Any CPU
		{CAA5B916-1962-4CC7-A554-BAF0E184749A}.Debug|Any CPU.Build.0 = Debug|Any CPU
		{CAA5B916-1962-4CC7-A554-BAF0E184749A}.Release|Any CPU.ActiveCfg = Release|Any CPU
		{CAA5B916-1962-4CC7-A554-BAF0E184749A}.Release|Any CPU.Build.0 = Release|Any CPU
		{2D8ADEC1-615D-4646-8CFE-B95F09C8C351}.Debug|Any CPU.ActiveCfg = Debug|Any CPU
		{2D8ADEC1-615D-4646-8CFE-B95F09C8C351}.Debug|Any CPU.Build.0 = Debug|Any CPU
		{2D8ADEC1-615D-4646-8CFE-B95F09C8C351}.Release|Any CPU.ActiveCfg = Release|Any CPU
		{2D8ADEC1-615D-4646-8CFE-B95F09C8C351}.Release|Any CPU.Build.0 = Release|Any CPU
		{E987210C-DD41-439D-A731-E73D71031B99}.Debug|Any CPU.ActiveCfg = Debug|Any CPU
		{E987210C-DD41-439D-A731-E73D71031B99}.Debug|Any CPU.Build.0 = Debug|Any CPU
		{E987210C-DD41-439D-A731-E73D71031B99}.Release|Any CPU.ActiveCfg = Release|Any CPU
		{E987210C-DD41-439D-A731-E73D71031B99}.Release|Any CPU.Build.0 = Release|Any CPU
		{C9C5B7BF-9582-48DA-9CA8-8E9F8239AFF6}.Debug|Any CPU.ActiveCfg = Debug|Any CPU
		{C9C5B7BF-9582-48DA-9CA8-8E9F8239AFF6}.Debug|Any CPU.Build.0 = Debug|Any CPU
		{C9C5B7BF-9582-48DA-9CA8-8E9F8239AFF6}.Release|Any CPU.ActiveCfg = Release|Any CPU
		{C9C5B7BF-9582-48DA-9CA8-8E9F8239AFF6}.Release|Any CPU.Build.0 = Release|Any CPU
		{2A5AB954-22ED-4E24-BF91-53C567C80B81}.Debug|Any CPU.ActiveCfg = Debug|Any CPU
		{2A5AB954-22ED-4E24-BF91-53C567C80B81}.Debug|Any CPU.Build.0 = Debug|Any CPU
		{2A5AB954-22ED-4E24-BF91-53C567C80B81}.Release|Any CPU.ActiveCfg = Release|Any CPU
		{2A5AB954-22ED-4E24-BF91-53C567C80B81}.Release|Any CPU.Build.0 = Release|Any CPU
		{9FBD4706-017F-473E-B40B-8002A9E4193D}.Debug|Any CPU.ActiveCfg = Debug|Any CPU
		{9FBD4706-017F-473E-B40B-8002A9E4193D}.Debug|Any CPU.Build.0 = Debug|Any CPU
		{9FBD4706-017F-473E-B40B-8002A9E4193D}.Release|Any CPU.ActiveCfg = Release|Any CPU
		{9FBD4706-017F-473E-B40B-8002A9E4193D}.Release|Any CPU.Build.0 = Release|Any CPU
	EndGlobalSection
	GlobalSection(SolutionProperties) = preSolution
		HideSolutionNode = FALSE
	EndGlobalSection
	GlobalSection(ExtensibilityGlobals) = postSolution
		SolutionGuid = {2F75A417-072C-479B-A42E-58CC79421B00}
	EndGlobalSection
EndGlobal
